// !$*UTF8*$!
{
	archiveVersion = 1;
	classes = {
	};
	objectVersion = 50;
	objects = {

/* Begin PBXBuildFile section */
		0752C94E22237F9600F050AE /* AppDelegate.swift in Sources */ = {isa = PBXBuildFile; fileRef = 0752C94D22237F9600F050AE /* AppDelegate.swift */; };
		0752C95022237F9600F050AE /* ViewController.swift in Sources */ = {isa = PBXBuildFile; fileRef = 0752C94F22237F9600F050AE /* ViewController.swift */; };
		0752C95322237F9600F050AE /* Main.storyboard in Resources */ = {isa = PBXBuildFile; fileRef = 0752C95122237F9600F050AE /* Main.storyboard */; };
		0752C95522237F9800F050AE /* Assets.xcassets in Resources */ = {isa = PBXBuildFile; fileRef = 0752C95422237F9800F050AE /* Assets.xcassets */; };
		0752C95822237F9800F050AE /* LaunchScreen.storyboard in Resources */ = {isa = PBXBuildFile; fileRef = 0752C95622237F9800F050AE /* LaunchScreen.storyboard */; };
		0752C96322237F9800F050AE /* DependencyInjectionSampleTests.swift in Sources */ = {isa = PBXBuildFile; fileRef = 0752C96222237F9800F050AE /* DependencyInjectionSampleTests.swift */; };
		0752C970222381A400F050AE /* StoryboardViewController.storyboard in Resources */ = {isa = PBXBuildFile; fileRef = 0752C96F222381A400F050AE /* StoryboardViewController.storyboard */; };
		0752C972222381B900F050AE /* StoryboardViewController.swift in Sources */ = {isa = PBXBuildFile; fileRef = 0752C971222381B900F050AE /* StoryboardViewController.swift */; };
		0752C97B222381F800F050AE /* ViewCodeController.swift in Sources */ = {isa = PBXBuildFile; fileRef = 0752C97A222381F800F050AE /* ViewCodeController.swift */; };
		0752C97E2223827E00F050AE /* Randomizer.swift in Sources */ = {isa = PBXBuildFile; fileRef = 0752C97D2223827E00F050AE /* Randomizer.swift */; };
		0752C983222383C300F050AE /* XibViewController.swift in Sources */ = {isa = PBXBuildFile; fileRef = 0752C981222383C300F050AE /* XibViewController.swift */; };
		0752C984222383C300F050AE /* XibViewController.xib in Resources */ = {isa = PBXBuildFile; fileRef = 0752C982222383C300F050AE /* XibViewController.xib */; };
		0752C9892223845000F050AE /* XibReusableViewController.swift in Sources */ = {isa = PBXBuildFile; fileRef = 0752C9872223845000F050AE /* XibReusableViewController.swift */; };
		0752C98A2223845000F050AE /* XibReusableView.xib in Resources */ = {isa = PBXBuildFile; fileRef = 0752C9882223845000F050AE /* XibReusableView.xib */; };
		0752C98C2223873400F050AE /* ViewCode.swift in Sources */ = {isa = PBXBuildFile; fileRef = 0752C98B2223873400F050AE /* ViewCode.swift */; };
		0752C99222238CF100F050AE /* Reusable.framework in Frameworks */ = {isa = PBXBuildFile; fileRef = 0752C99122238CF100F050AE /* Reusable.framework */; };
		0752C9942223993100F050AE /* XibReusableView.swift in Sources */ = {isa = PBXBuildFile; fileRef = 0752C9932223993100F050AE /* XibReusableView.swift */; };
/* End PBXBuildFile section */

/* Begin PBXContainerItemProxy section */
		0752C95F22237F9800F050AE /* PBXContainerItemProxy */ = {
			isa = PBXContainerItemProxy;
			containerPortal = 0752C94222237F9600F050AE /* Project object */;
			proxyType = 1;
			remoteGlobalIDString = 0752C94922237F9600F050AE;
			remoteInfo = DependencyInjectionSample;
		};
/* End PBXContainerItemProxy section */

/* Begin PBXFileReference section */
		0752C94A22237F9600F050AE /* DependencyInjectionSample.app */ = {isa = PBXFileReference; explicitFileType = wrapper.application; includeInIndex = 0; path = DependencyInjectionSample.app; sourceTree = BUILT_PRODUCTS_DIR; };
		0752C94D22237F9600F050AE /* AppDelegate.swift */ = {isa = PBXFileReference; lastKnownFileType = sourcecode.swift; path = AppDelegate.swift; sourceTree = "<group>"; };
		0752C94F22237F9600F050AE /* ViewController.swift */ = {isa = PBXFileReference; lastKnownFileType = sourcecode.swift; path = ViewController.swift; sourceTree = "<group>"; };
		0752C95222237F9600F050AE /* Base */ = {isa = PBXFileReference; lastKnownFileType = file.storyboard; name = Base; path = Base.lproj/Main.storyboard; sourceTree = "<group>"; };
		0752C95422237F9800F050AE /* Assets.xcassets */ = {isa = PBXFileReference; lastKnownFileType = folder.assetcatalog; path = Assets.xcassets; sourceTree = "<group>"; };
		0752C95722237F9800F050AE /* Base */ = {isa = PBXFileReference; lastKnownFileType = file.storyboard; name = Base; path = Base.lproj/LaunchScreen.storyboard; sourceTree = "<group>"; };
		0752C95922237F9800F050AE /* Info.plist */ = {isa = PBXFileReference; lastKnownFileType = text.plist.xml; path = Info.plist; sourceTree = "<group>"; };
		0752C95E22237F9800F050AE /* DependencyInjectionSampleTests.xctest */ = {isa = PBXFileReference; explicitFileType = wrapper.cfbundle; includeInIndex = 0; path = DependencyInjectionSampleTests.xctest; sourceTree = BUILT_PRODUCTS_DIR; };
		0752C96222237F9800F050AE /* DependencyInjectionSampleTests.swift */ = {isa = PBXFileReference; lastKnownFileType = sourcecode.swift; path = DependencyInjectionSampleTests.swift; sourceTree = "<group>"; };
		0752C96422237F9800F050AE /* Info.plist */ = {isa = PBXFileReference; lastKnownFileType = text.plist.xml; path = Info.plist; sourceTree = "<group>"; };
		0752C96F222381A400F050AE /* StoryboardViewController.storyboard */ = {isa = PBXFileReference; lastKnownFileType = file.storyboard; path = StoryboardViewController.storyboard; sourceTree = "<group>"; };
		0752C971222381B900F050AE /* StoryboardViewController.swift */ = {isa = PBXFileReference; lastKnownFileType = sourcecode.swift; path = StoryboardViewController.swift; sourceTree = "<group>"; };
		0752C97A222381F800F050AE /* ViewCodeController.swift */ = {isa = PBXFileReference; lastKnownFileType = sourcecode.swift; path = ViewCodeController.swift; sourceTree = "<group>"; };
		0752C97D2223827E00F050AE /* Randomizer.swift */ = {isa = PBXFileReference; lastKnownFileType = sourcecode.swift; path = Randomizer.swift; sourceTree = "<group>"; };
		0752C981222383C300F050AE /* XibViewController.swift */ = {isa = PBXFileReference; fileEncoding = 4; lastKnownFileType = sourcecode.swift; path = XibViewController.swift; sourceTree = "<group>"; };
		0752C982222383C300F050AE /* XibViewController.xib */ = {isa = PBXFileReference; fileEncoding = 4; lastKnownFileType = file.xib; path = XibViewController.xib; sourceTree = "<group>"; };
		0752C9872223845000F050AE /* XibReusableViewController.swift */ = {isa = PBXFileReference; lastKnownFileType = sourcecode.swift; path = XibReusableViewController.swift; sourceTree = "<group>"; };
		0752C9882223845000F050AE /* XibReusableView.xib */ = {isa = PBXFileReference; lastKnownFileType = file.xib; path = XibReusableView.xib; sourceTree = "<group>"; };
		0752C98B2223873400F050AE /* ViewCode.swift */ = {isa = PBXFileReference; lastKnownFileType = sourcecode.swift; path = ViewCode.swift; sourceTree = "<group>"; };
		0752C99122238CF100F050AE /* Reusable.framework */ = {isa = PBXFileReference; lastKnownFileType = wrapper.framework; name = Reusable.framework; path = Carthage/Build/iOS/Reusable.framework; sourceTree = "<group>"; };
		0752C9932223993100F050AE /* XibReusableView.swift */ = {isa = PBXFileReference; lastKnownFileType = sourcecode.swift; path = XibReusableView.swift; sourceTree = "<group>"; };
/* End PBXFileReference section */

/* Begin PBXFrameworksBuildPhase section */
		0752C94722237F9600F050AE /* Frameworks */ = {
			isa = PBXFrameworksBuildPhase;
			buildActionMask = 2147483647;
			files = (
				0752C99222238CF100F050AE /* Reusable.framework in Frameworks */,
			);
			runOnlyForDeploymentPostprocessing = 0;
		};
		0752C95B22237F9800F050AE /* Frameworks */ = {
			isa = PBXFrameworksBuildPhase;
			buildActionMask = 2147483647;
			files = (
			);
			runOnlyForDeploymentPostprocessing = 0;
		};
/* End PBXFrameworksBuildPhase section */

/* Begin PBXGroup section */
		0752C94122237F9600F050AE = {
			isa = PBXGroup;
			children = (
				0752C94C22237F9600F050AE /* DependencyInjectionSample */,
				0752C96122237F9800F050AE /* DependencyInjectionSampleTests */,
				0752C94B22237F9600F050AE /* Products */,
				0752C99022238CF100F050AE /* Frameworks */,
			);
			sourceTree = "<group>";
		};
		0752C94B22237F9600F050AE /* Products */ = {
			isa = PBXGroup;
			children = (
				0752C94A22237F9600F050AE /* DependencyInjectionSample.app */,
				0752C95E22237F9800F050AE /* DependencyInjectionSampleTests.xctest */,
			);
			name = Products;
			sourceTree = "<group>";
		};
		0752C94C22237F9600F050AE /* DependencyInjectionSample */ = {
			isa = PBXGroup;
			children = (
				0752C97C2223825F00F050AE /* Util */,
				0752C979222381D700F050AE /* Storyboard */,
				0752C978222381D300F050AE /* Xib */,
				0752C977222381CD00F050AE /* ViewCode */,
				0752C94D22237F9600F050AE /* AppDelegate.swift */,
				0752C94F22237F9600F050AE /* ViewController.swift */,
				0752C95122237F9600F050AE /* Main.storyboard */,
				0752C95422237F9800F050AE /* Assets.xcassets */,
				0752C95622237F9800F050AE /* LaunchScreen.storyboard */,
				0752C95922237F9800F050AE /* Info.plist */,
			);
			path = DependencyInjectionSample;
			sourceTree = "<group>";
		};
		0752C96122237F9800F050AE /* DependencyInjectionSampleTests */ = {
			isa = PBXGroup;
			children = (
				0752C96222237F9800F050AE /* DependencyInjectionSampleTests.swift */,
				0752C96422237F9800F050AE /* Info.plist */,
			);
			path = DependencyInjectionSampleTests;
			sourceTree = "<group>";
		};
		0752C977222381CD00F050AE /* ViewCode */ = {
			isa = PBXGroup;
			children = (
				0752C97A222381F800F050AE /* ViewCodeController.swift */,
				0752C98B2223873400F050AE /* ViewCode.swift */,
			);
			path = ViewCode;
			sourceTree = "<group>";
		};
		0752C978222381D300F050AE /* Xib */ = {
			isa = PBXGroup;
			children = (
				0752C986222383D800F050AE /* WithReusable */,
				0752C985222383CD00F050AE /* WithoutReusable */,
			);
			path = Xib;
			sourceTree = "<group>";
		};
		0752C979222381D700F050AE /* Storyboard */ = {
			isa = PBXGroup;
			children = (
				0752C96F222381A400F050AE /* StoryboardViewController.storyboard */,
				0752C971222381B900F050AE /* StoryboardViewController.swift */,
			);
			path = Storyboard;
			sourceTree = "<group>";
		};
		0752C97C2223825F00F050AE /* Util */ = {
			isa = PBXGroup;
			children = (
				0752C97D2223827E00F050AE /* Randomizer.swift */,
			);
			path = Util;
			sourceTree = "<group>";
		};
		0752C985222383CD00F050AE /* WithoutReusable */ = {
			isa = PBXGroup;
			children = (
				0752C982222383C300F050AE /* XibViewController.xib */,
				0752C981222383C300F050AE /* XibViewController.swift */,
			);
			path = WithoutReusable;
			sourceTree = "<group>";
		};
		0752C986222383D800F050AE /* WithReusable */ = {
			isa = PBXGroup;
			children = (
				0752C9882223845000F050AE /* XibReusableView.xib */,
				0752C9932223993100F050AE /* XibReusableView.swift */,
				0752C9872223845000F050AE /* XibReusableViewController.swift */,
			);
			path = WithReusable;
			sourceTree = "<group>";
		};
		0752C99022238CF100F050AE /* Frameworks */ = {
			isa = PBXGroup;
			children = (
				0752C99122238CF100F050AE /* Reusable.framework */,
			);
			name = Frameworks;
			sourceTree = "<group>";
		};
/* End PBXGroup section */

/* Begin PBXNativeTarget section */
		0752C94922237F9600F050AE /* DependencyInjectionSample */ = {
			isa = PBXNativeTarget;
			buildConfigurationList = 0752C96722237F9800F050AE /* Build configuration list for PBXNativeTarget "DependencyInjectionSample" */;
			buildPhases = (
				0752C94622237F9600F050AE /* Sources */,
				0752C94722237F9600F050AE /* Frameworks */,
				0752C94822237F9600F050AE /* Resources */,
				0752C98D22238AC200F050AE /* ShellScript */,
			);
			buildRules = (
			);
			dependencies = (
			);
			name = DependencyInjectionSample;
			productName = DependencyInjectionSample;
			productReference = 0752C94A22237F9600F050AE /* DependencyInjectionSample.app */;
			productType = "com.apple.product-type.application";
		};
		0752C95D22237F9800F050AE /* DependencyInjectionSampleTests */ = {
			isa = PBXNativeTarget;
			buildConfigurationList = 0752C96A22237F9800F050AE /* Build configuration list for PBXNativeTarget "DependencyInjectionSampleTests" */;
			buildPhases = (
				0752C95A22237F9800F050AE /* Sources */,
				0752C95B22237F9800F050AE /* Frameworks */,
				0752C95C22237F9800F050AE /* Resources */,
			);
			buildRules = (
			);
			dependencies = (
				0752C96022237F9800F050AE /* PBXTargetDependency */,
			);
			name = DependencyInjectionSampleTests;
			productName = DependencyInjectionSampleTests;
			productReference = 0752C95E22237F9800F050AE /* DependencyInjectionSampleTests.xctest */;
			productType = "com.apple.product-type.bundle.unit-test";
		};
/* End PBXNativeTarget section */

/* Begin PBXProject section */
		0752C94222237F9600F050AE /* Project object */ = {
			isa = PBXProject;
			attributes = {
				LastSwiftUpdateCheck = 1010;
				LastUpgradeCheck = 1010;
				ORGANIZATIONNAME = "Breno Rage Aboud";
				TargetAttributes = {
					0752C94922237F9600F050AE = {
						CreatedOnToolsVersion = 10.1;
					};
					0752C95D22237F9800F050AE = {
						CreatedOnToolsVersion = 10.1;
						TestTargetID = 0752C94922237F9600F050AE;
					};
				};
			};
			buildConfigurationList = 0752C94522237F9600F050AE /* Build configuration list for PBXProject "DependencyInjectionSample" */;
			compatibilityVersion = "Xcode 9.3";
			developmentRegion = en;
			hasScannedForEncodings = 0;
			knownRegions = (
				en,
				Base,
			);
			mainGroup = 0752C94122237F9600F050AE;
			productRefGroup = 0752C94B22237F9600F050AE /* Products */;
			projectDirPath = "";
			projectRoot = "";
			targets = (
				0752C94922237F9600F050AE /* DependencyInjectionSample */,
				0752C95D22237F9800F050AE /* DependencyInjectionSampleTests */,
			);
		};
/* End PBXProject section */

/* Begin PBXResourcesBuildPhase section */
		0752C94822237F9600F050AE /* Resources */ = {
			isa = PBXResourcesBuildPhase;
			buildActionMask = 2147483647;
			files = (
				0752C984222383C300F050AE /* XibViewController.xib in Resources */,
				0752C98A2223845000F050AE /* XibReusableView.xib in Resources */,
				0752C95822237F9800F050AE /* LaunchScreen.storyboard in Resources */,
				0752C95522237F9800F050AE /* Assets.xcassets in Resources */,
				0752C970222381A400F050AE /* StoryboardViewController.storyboard in Resources */,
				0752C95322237F9600F050AE /* Main.storyboard in Resources */,
			);
			runOnlyForDeploymentPostprocessing = 0;
		};
		0752C95C22237F9800F050AE /* Resources */ = {
			isa = PBXResourcesBuildPhase;
			buildActionMask = 2147483647;
			files = (
			);
			runOnlyForDeploymentPostprocessing = 0;
		};
/* End PBXResourcesBuildPhase section */

/* Begin PBXShellScriptBuildPhase section */
		0752C98D22238AC200F050AE /* ShellScript */ = {
			isa = PBXShellScriptBuildPhase;
			buildActionMask = 2147483647;
			files = (
			);
			inputFileListPaths = (
			);
			inputPaths = (
				"$(SRCROOT)/Carthage/Build/iOS/Reusable.framework",
			);
			outputFileListPaths = (
			);
			outputPaths = (
				"$(BUILT_PRODUCTS_DIR)/$(FRAMEWORKS_FOLDER_PATH)/Reusable.framework",
			);
			runOnlyForDeploymentPostprocessing = 0;
			shellPath = /bin/sh;
			shellScript = "/usr/local/bin/carthage copy-frameworks\n";
		};
/* End PBXShellScriptBuildPhase section */

/* Begin PBXSourcesBuildPhase section */
		0752C94622237F9600F050AE /* Sources */ = {
			isa = PBXSourcesBuildPhase;
			buildActionMask = 2147483647;
			files = (
				0752C95022237F9600F050AE /* ViewController.swift in Sources */,
				0752C97B222381F800F050AE /* ViewCodeController.swift in Sources */,
				0752C983222383C300F050AE /* XibViewController.swift in Sources */,
				0752C972222381B900F050AE /* StoryboardViewController.swift in Sources */,
				0752C94E22237F9600F050AE /* AppDelegate.swift in Sources */,
				0752C9892223845000F050AE /* XibReusableViewController.swift in Sources */,
				0752C97E2223827E00F050AE /* Randomizer.swift in Sources */,
				0752C9942223993100F050AE /* XibReusableView.swift in Sources */,
				0752C98C2223873400F050AE /* ViewCode.swift in Sources */,
			);
			runOnlyForDeploymentPostprocessing = 0;
		};
		0752C95A22237F9800F050AE /* Sources */ = {
			isa = PBXSourcesBuildPhase;
			buildActionMask = 2147483647;
			files = (
				0752C96322237F9800F050AE /* DependencyInjectionSampleTests.swift in Sources */,
			);
			runOnlyForDeploymentPostprocessing = 0;
		};
/* End PBXSourcesBuildPhase section */

/* Begin PBXTargetDependency section */
		0752C96022237F9800F050AE /* PBXTargetDependency */ = {
			isa = PBXTargetDependency;
			target = 0752C94922237F9600F050AE /* DependencyInjectionSample */;
			targetProxy = 0752C95F22237F9800F050AE /* PBXContainerItemProxy */;
		};
/* End PBXTargetDependency section */

/* Begin PBXVariantGroup section */
		0752C95122237F9600F050AE /* Main.storyboard */ = {
			isa = PBXVariantGroup;
			children = (
				0752C95222237F9600F050AE /* Base */,
			);
			name = Main.storyboard;
			sourceTree = "<group>";
		};
		0752C95622237F9800F050AE /* LaunchScreen.storyboard */ = {
			isa = PBXVariantGroup;
			children = (
				0752C95722237F9800F050AE /* Base */,
			);
			name = LaunchScreen.storyboard;
			sourceTree = "<group>";
		};
/* End PBXVariantGroup section */

/* Begin XCBuildConfiguration section */
		0752C96522237F9800F050AE /* Debug */ = {
			isa = XCBuildConfiguration;
			buildSettings = {
				ALWAYS_SEARCH_USER_PATHS = NO;
				CLANG_ANALYZER_NONNULL = YES;
				CLANG_ANALYZER_NUMBER_OBJECT_CONVERSION = YES_AGGRESSIVE;
				CLANG_CXX_LANGUAGE_STANDARD = "gnu++14";
				CLANG_CXX_LIBRARY = "libc++";
				CLANG_ENABLE_MODULES = YES;
				CLANG_ENABLE_OBJC_ARC = YES;
				CLANG_ENABLE_OBJC_WEAK = YES;
				CLANG_WARN_BLOCK_CAPTURE_AUTORELEASING = YES;
				CLANG_WARN_BOOL_CONVERSION = YES;
				CLANG_WARN_COMMA = YES;
				CLANG_WARN_CONSTANT_CONVERSION = YES;
				CLANG_WARN_DEPRECATED_OBJC_IMPLEMENTATIONS = YES;
				CLANG_WARN_DIRECT_OBJC_ISA_USAGE = YES_ERROR;
				CLANG_WARN_DOCUMENTATION_COMMENTS = YES;
				CLANG_WARN_EMPTY_BODY = YES;
				CLANG_WARN_ENUM_CONVERSION = YES;
				CLANG_WARN_INFINITE_RECURSION = YES;
				CLANG_WARN_INT_CONVERSION = YES;
				CLANG_WARN_NON_LITERAL_NULL_CONVERSION = YES;
				CLANG_WARN_OBJC_IMPLICIT_RETAIN_SELF = YES;
				CLANG_WARN_OBJC_LITERAL_CONVERSION = YES;
				CLANG_WARN_OBJC_ROOT_CLASS = YES_ERROR;
				CLANG_WARN_RANGE_LOOP_ANALYSIS = YES;
				CLANG_WARN_STRICT_PROTOTYPES = YES;
				CLANG_WARN_SUSPICIOUS_MOVE = YES;
				CLANG_WARN_UNGUARDED_AVAILABILITY = YES_AGGRESSIVE;
				CLANG_WARN_UNREACHABLE_CODE = YES;
				CLANG_WARN__DUPLICATE_METHOD_MATCH = YES;
				CODE_SIGN_IDENTITY = "iPhone Developer";
				COPY_PHASE_STRIP = NO;
				DEBUG_INFORMATION_FORMAT = dwarf;
				ENABLE_STRICT_OBJC_MSGSEND = YES;
				ENABLE_TESTABILITY = YES;
				GCC_C_LANGUAGE_STANDARD = gnu11;
				GCC_DYNAMIC_NO_PIC = NO;
				GCC_NO_COMMON_BLOCKS = YES;
				GCC_OPTIMIZATION_LEVEL = 0;
				GCC_PREPROCESSOR_DEFINITIONS = (
					"DEBUG=1",
					"$(inherited)",
				);
				GCC_WARN_64_TO_32_BIT_CONVERSION = YES;
				GCC_WARN_ABOUT_RETURN_TYPE = YES_ERROR;
				GCC_WARN_UNDECLARED_SELECTOR = YES;
				GCC_WARN_UNINITIALIZED_AUTOS = YES_AGGRESSIVE;
				GCC_WARN_UNUSED_FUNCTION = YES;
				GCC_WARN_UNUSED_VARIABLE = YES;
				IPHONEOS_DEPLOYMENT_TARGET = 12.1;
				MTL_ENABLE_DEBUG_INFO = INCLUDE_SOURCE;
				MTL_FAST_MATH = YES;
				ONLY_ACTIVE_ARCH = YES;
				SDKROOT = iphoneos;
				SWIFT_ACTIVE_COMPILATION_CONDITIONS = DEBUG;
				SWIFT_OPTIMIZATION_LEVEL = "-Onone";
			};
			name = Debug;
		};
		0752C96622237F9800F050AE /* Release */ = {
			isa = XCBuildConfiguration;
			buildSettings = {
				ALWAYS_SEARCH_USER_PATHS = NO;
				CLANG_ANALYZER_NONNULL = YES;
				CLANG_ANALYZER_NUMBER_OBJECT_CONVERSION = YES_AGGRESSIVE;
				CLANG_CXX_LANGUAGE_STANDARD = "gnu++14";
				CLANG_CXX_LIBRARY = "libc++";
				CLANG_ENABLE_MODULES = YES;
				CLANG_ENABLE_OBJC_ARC = YES;
				CLANG_ENABLE_OBJC_WEAK = YES;
				CLANG_WARN_BLOCK_CAPTURE_AUTORELEASING = YES;
				CLANG_WARN_BOOL_CONVERSION = YES;
				CLANG_WARN_COMMA = YES;
				CLANG_WARN_CONSTANT_CONVERSION = YES;
				CLANG_WARN_DEPRECATED_OBJC_IMPLEMENTATIONS = YES;
				CLANG_WARN_DIRECT_OBJC_ISA_USAGE = YES_ERROR;
				CLANG_WARN_DOCUMENTATION_COMMENTS = YES;
				CLANG_WARN_EMPTY_BODY = YES;
				CLANG_WARN_ENUM_CONVERSION = YES;
				CLANG_WARN_INFINITE_RECURSION = YES;
				CLANG_WARN_INT_CONVERSION = YES;
				CLANG_WARN_NON_LITERAL_NULL_CONVERSION = YES;
				CLANG_WARN_OBJC_IMPLICIT_RETAIN_SELF = YES;
				CLANG_WARN_OBJC_LITERAL_CONVERSION = YES;
				CLANG_WARN_OBJC_ROOT_CLASS = YES_ERROR;
				CLANG_WARN_RANGE_LOOP_ANALYSIS = YES;
				CLANG_WARN_STRICT_PROTOTYPES = YES;
				CLANG_WARN_SUSPICIOUS_MOVE = YES;
				CLANG_WARN_UNGUARDED_AVAILABILITY = YES_AGGRESSIVE;
				CLANG_WARN_UNREACHABLE_CODE = YES;
				CLANG_WARN__DUPLICATE_METHOD_MATCH = YES;
				CODE_SIGN_IDENTITY = "iPhone Developer";
				COPY_PHASE_STRIP = NO;
				DEBUG_INFORMATION_FORMAT = "dwarf-with-dsym";
				ENABLE_NS_ASSERTIONS = NO;
				ENABLE_STRICT_OBJC_MSGSEND = YES;
				GCC_C_LANGUAGE_STANDARD = gnu11;
				GCC_NO_COMMON_BLOCKS = YES;
				GCC_WARN_64_TO_32_BIT_CONVERSION = YES;
				GCC_WARN_ABOUT_RETURN_TYPE = YES_ERROR;
				GCC_WARN_UNDECLARED_SELECTOR = YES;
				GCC_WARN_UNINITIALIZED_AUTOS = YES_AGGRESSIVE;
				GCC_WARN_UNUSED_FUNCTION = YES;
				GCC_WARN_UNUSED_VARIABLE = YES;
				IPHONEOS_DEPLOYMENT_TARGET = 12.1;
				MTL_ENABLE_DEBUG_INFO = NO;
				MTL_FAST_MATH = YES;
				SDKROOT = iphoneos;
				SWIFT_COMPILATION_MODE = wholemodule;
				SWIFT_OPTIMIZATION_LEVEL = "-O";
				VALIDATE_PRODUCT = YES;
			};
			name = Release;
		};
		0752C96822237F9800F050AE /* Debug */ = {
			isa = XCBuildConfiguration;
			buildSettings = {
				ASSETCATALOG_COMPILER_APPICON_NAME = AppIcon;
				CODE_SIGN_STYLE = Automatic;
				FRAMEWORK_SEARCH_PATHS = (
					"$(inherited)",
					"$(PROJECT_DIR)/Carthage/Build/iOS",
				);
				INFOPLIST_FILE = DependencyInjectionSample/Info.plist;
				LD_RUNPATH_SEARCH_PATHS = (
					"$(inherited)",
					"@executable_path/Frameworks",
				);
				PRODUCT_BUNDLE_IDENTIFIER = com.brenorage.DependencyInjectionSample;
				PRODUCT_NAME = "$(TARGET_NAME)";
				SWIFT_VERSION = 4.2;
				TARGETED_DEVICE_FAMILY = "1,2";
			};
			name = Debug;
		};
		0752C96922237F9800F050AE /* Release */ = {
			isa = XCBuildConfiguration;
			buildSettings = {
				ASSETCATALOG_COMPILER_APPICON_NAME = AppIcon;
				CODE_SIGN_STYLE = Automatic;
				FRAMEWORK_SEARCH_PATHS = (
					"$(inherited)",
					"$(PROJECT_DIR)/Carthage/Build/iOS",
				);
				INFOPLIST_FILE = DependencyInjectionSample/Info.plist;
				LD_RUNPATH_SEARCH_PATHS = (
					"$(inherited)",
					"@executable_path/Frameworks",
				);
				PRODUCT_BUNDLE_IDENTIFIER = com.brenorage.DependencyInjectionSample;
				PRODUCT_NAME = "$(TARGET_NAME)";
				SWIFT_VERSION = 4.2;
				TARGETED_DEVICE_FAMILY = "1,2";
			};
			name = Release;
		};
		0752C96B22237F9800F050AE /* Debug */ = {
			isa = XCBuildConfiguration;
			buildSettings = {
				ALWAYS_EMBED_SWIFT_STANDARD_LIBRARIES = YES;
				BUNDLE_LOADER = "$(TEST_HOST)";
				CODE_SIGN_STYLE = Automatic;
				INFOPLIST_FILE = DependencyInjectionSampleTests/Info.plist;
				LD_RUNPATH_SEARCH_PATHS = (
					"$(inherited)",
					"@executable_path/Frameworks",
					"@loader_path/Frameworks",
				);
				PRODUCT_BUNDLE_IDENTIFIER = com.brenorage.DependencyInjectionSampleTests;
				PRODUCT_NAME = "$(TARGET_NAME)";
				SWIFT_VERSION = 4.2;
				TARGETED_DEVICE_FAMILY = "1,2";
				TEST_HOST = "$(BUILT_PRODUCTS_DIR)/DependencyInjectionSample.app/DependencyInjectionSample";
			};
			name = Debug;
		};
		0752C96C22237F9800F050AE /* Release */ = {
			isa = XCBuildConfiguration;
			buildSettings = {
				ALWAYS_EMBED_SWIFT_STANDARD_LIBRARIES = YES;
				BUNDLE_LOADER = "$(TEST_HOST)";
				CODE_SIGN_STYLE = Automatic;
				INFOPLIST_FILE = DependencyInjectionSampleTests/Info.plist;
				LD_RUNPATH_SEARCH_PATHS = (
					"$(inherited)",
					"@executable_path/Frameworks",
					"@loader_path/Frameworks",
				);
				PRODUCT_BUNDLE_IDENTIFIER = com.brenorage.DependencyInjectionSampleTests;
				PRODUCT_NAME = "$(TARGET_NAME)";
				SWIFT_VERSION = 4.2;
				TARGETED_DEVICE_FAMILY = "1,2";
				TEST_HOST = "$(BUILT_PRODUCTS_DIR)/DependencyInjectionSample.app/DependencyInjectionSample";
			};
			name = Release;
		};
/* End XCBuildConfiguration section */

/* Begin XCConfigurationList section */
		0752C94522237F9600F050AE /* Build configuration list for PBXProject "DependencyInjectionSample" */ = {
			isa = XCConfigurationList;
			buildConfigurations = (
				0752C96522237F9800F050AE /* Debug */,
				0752C96622237F9800F050AE /* Release */,
			);
			defaultConfigurationIsVisible = 0;
			defaultConfigurationName = Release;
		};
		0752C96722237F9800F050AE /* Build configuration list for PBXNativeTarget "DependencyInjectionSample" */ = {
			isa = XCConfigurationList;
			buildConfigurations = (
				0752C96822237F9800F050AE /* Debug */,
				0752C96922237F9800F050AE /* Release */,
			);
			defaultConfigurationIsVisible = 0;
			defaultConfigurationName = Release;
		};
		0752C96A22237F9800F050AE /* Build configuration list for PBXNativeTarget "DependencyInjectionSampleTests" */ = {
			isa = XCConfigurationList;
			buildConfigurations = (
				0752C96B22237F9800F050AE /* Debug */,
				0752C96C22237F9800F050AE /* Release */,
			);
			defaultConfigurationIsVisible = 0;
			defaultConfigurationName = Release;
		};
/* End XCConfigurationList section */
	};
	rootObject = 0752C94222237F9600F050AE /* Project object */;
}
